adobe-source-han-sans-cn-fonts
alacritty
alsa-utils
amd-ucode
apfs-fuse-git
archlinuxcn-keyring
autoconf
automake
base
bison
bluez-utils
com.qq.im.deepin
conky
cuda-tools
cudnn
docker
docker-compose
fakeroot
fcitx-googlepinyin
feishu-bin
flex
go
gparted
grub
gtkmm
gtsam
i3blocks
i3lock-fancy-multimonitor
lazygit
libicu50
lldb
lua-language-server
microsoft-edge-stable-bin
mpd
ncmpcpp
neofetch
neovim
nerd-fonts-complete
netease-musicbox-git
ninja
nvidia
nvidia-container-runtime
openbsd-netcat
opencv3-opt-samples
p7zip
pavucontrol-qt
pcl
picom
polkit-gnome
polybar
qmk
ranger
sddm
shellcheck
teamviewer
terminology
tmux
ttf-font-awesome
ttf-hack
unrar
unzip
v2ray
vi
vimpc-git
virtualbox
visual-studio-code-bin
vmware-workstation
wps-office-cn
xautolock
xf86-video-vesa
yay
zsh
