across
adobe-source-han-sans-cn-fonts
adobe-source-han-serif-cn-fonts
alacritty
arandr
awesome-terminal-fonts
base
cmake
cmake-format
conky
cudnn
docker
fcitx-sogoupinyin
feishu-bin
gimp
flameshot
go
gperf
grub
icalingua++
iw
lazygit
lldb
lolcat
lua-language-server
meson
microsoft-edge-stable-bin
mpd
ncmpcpp
neofetch
neovim
nerd-fonts-complete
network-manager-applet
nvidia
nvidia-container-toolkit
opendesktop-fonts
pavucontrol-qt
picom
pkgfile
polkit-gnome
polybar
py3status
ranger
ripgrep
sddm
shellcheck
shfmt
stylua
teamviewer
tmux
ttf-font-awesome
unrar
unzip
visual-studio-code-bin
vmware-workstation
wechat-uos
wget
wps-office
yay
zathura
zsh
