across
adobe-source-han-sans-cn-fonts
alacritty
arandr
awesome-terminal-fonts
base
cmake
cmake-format
conky
fcitx-sogoupinyin
feishu-bin
gperf
grub
i3lock-fancy-multimonitor
icalingua++
lazygit
lolcat
meson
microsoft-edge-stable-bin
mpd
neofetch
neovim
nerd-fonts-complete
network-manager-applet
nvidia
picom
pkgfile
polkit-gnome
polybar
py3status
ranger
ripgrep
sddm
shellcheck
shfmt
tmux
visual-studio-code-bin
vmware-workstation
wget
yay
zsh
